
Microsoft Visual Studio Solution File, Format Version 12.00
# Visual Studio Version 17
VisualStudioVersion = 17.0.31521.260
MinimumVisualStudioVersion = 10.0.40219.1
Project("{9A19103F-16F7-4668-BE54-9A1E7A4F7556}") = "ShipBot.Core", "ShipBot.Core\ShipBot.Core.csproj", "{739AA6D5-6063-4878-843D-6DF7BA15D10D}"
EndProject
Project("{9A19103F-16F7-4668-BE54-9A1E7A4F7556}") = "ShipBot.Tests", "ShipBot.Tests\ShipBot.Tests.csproj", "{5E7C5B88-7834-45A4-BC3D-A9819998BA99}"
EndProject
Project("{9A19103F-16F7-4668-BE54-9A1E7A4F7556}") = "ShipBot.DataAccsess", "ShipBot.DataAccsess\ShipBot.DataAccsess.csproj", "{21FCE948-931B-4648-8F0E-ECFA798D4342}"
EndProject
Project("{9A19103F-16F7-4668-BE54-9A1E7A4F7556}") = "ShipBot.Domain", "ShipBot.Domain\ShipBot.Domain.csproj", "{CF56133E-9BE1-49C9-9A63-4569188A153B}"
EndProject
Project("{9A19103F-16F7-4668-BE54-9A1E7A4F7556}") = "ShipBotSite", "ShipBotSite\ShipBotSite.csproj", "{C0154230-818C-47AA-8AE6-5C058C5C55E8}"
EndProject
Project("{9A19103F-16F7-4668-BE54-9A1E7A4F7556}") = "ShipBot.Server", "ShipBotServer\Server\ShipBot.Server.csproj", "{E96FC5F1-43FE-4A01-A4CE-B2AB2FD4CDB0}"
EndProject
Project("{9A19103F-16F7-4668-BE54-9A1E7A4F7556}") = "ShipBotServer.Client", "ShipBotServer\Client\ShipBotServer.Client.csproj", "{1CE8BD35-02FC-44C7-B3CF-E08A7E41FA6E}"
EndProject
Project("{9A19103F-16F7-4668-BE54-9A1E7A4F7556}") = "ShipBotServer.Shared", "ShipBotServer\Shared\ShipBotServer.Shared.csproj", "{5A6E99C3-98A3-4931-8C2F-CB0499DA180A}"
EndProject
Project("{2150E333-8FDC-42A3-9474-1A3956D46DE8}") = "BotSolutions", "BotSolutions", "{91731C79-1809-4642-9048-92E1C6CCF600}"
EndProject
Project("{2150E333-8FDC-42A3-9474-1A3956D46DE8}") = "CoreSolutions", "CoreSolutions", "{DBF70A4A-7F35-4636-8CB3-F7BBB2A1780C}"
EndProject
Project("{2150E333-8FDC-42A3-9474-1A3956D46DE8}") = "SiteSolutions", "SiteSolutions", "{6E49EC8E-31A3-44CD-9988-3E783D893F95}"
EndProject
Global
	GlobalSection(SolutionConfigurationPlatforms) = preSolution
		Debug|Any CPU = Debug|Any CPU
		Release|Any CPU = Release|Any CPU
	EndGlobalSection
	GlobalSection(ProjectConfigurationPlatforms) = postSolution
		{739AA6D5-6063-4878-843D-6DF7BA15D10D}.Debug|Any CPU.ActiveCfg = Debug|Any CPU
		{739AA6D5-6063-4878-843D-6DF7BA15D10D}.Debug|Any CPU.Build.0 = Debug|Any CPU
		{739AA6D5-6063-4878-843D-6DF7BA15D10D}.Release|Any CPU.ActiveCfg = Release|Any CPU
		{739AA6D5-6063-4878-843D-6DF7BA15D10D}.Release|Any CPU.Build.0 = Release|Any CPU
		{5E7C5B88-7834-45A4-BC3D-A9819998BA99}.Debug|Any CPU.ActiveCfg = Debug|Any CPU
		{5E7C5B88-7834-45A4-BC3D-A9819998BA99}.Debug|Any CPU.Build.0 = Debug|Any CPU
		{5E7C5B88-7834-45A4-BC3D-A9819998BA99}.Release|Any CPU.ActiveCfg = Release|Any CPU
		{5E7C5B88-7834-45A4-BC3D-A9819998BA99}.Release|Any CPU.Build.0 = Release|Any CPU
		{21FCE948-931B-4648-8F0E-ECFA798D4342}.Debug|Any CPU.ActiveCfg = Debug|Any CPU
		{21FCE948-931B-4648-8F0E-ECFA798D4342}.Debug|Any CPU.Build.0 = Debug|Any CPU
		{21FCE948-931B-4648-8F0E-ECFA798D4342}.Release|Any CPU.ActiveCfg = Release|Any CPU
		{21FCE948-931B-4648-8F0E-ECFA798D4342}.Release|Any CPU.Build.0 = Release|Any CPU
		{CF56133E-9BE1-49C9-9A63-4569188A153B}.Debug|Any CPU.ActiveCfg = Debug|Any CPU
		{CF56133E-9BE1-49C9-9A63-4569188A153B}.Debug|Any CPU.Build.0 = Debug|Any CPU
		{CF56133E-9BE1-49C9-9A63-4569188A153B}.Release|Any CPU.ActiveCfg = Release|Any CPU
		{CF56133E-9BE1-49C9-9A63-4569188A153B}.Release|Any CPU.Build.0 = Release|Any CPU
		{C0154230-818C-47AA-8AE6-5C058C5C55E8}.Debug|Any CPU.ActiveCfg = Debug|Any CPU
		{C0154230-818C-47AA-8AE6-5C058C5C55E8}.Debug|Any CPU.Build.0 = Debug|Any CPU
		{C0154230-818C-47AA-8AE6-5C058C5C55E8}.Release|Any CPU.ActiveCfg = Release|Any CPU
		{C0154230-818C-47AA-8AE6-5C058C5C55E8}.Release|Any CPU.Build.0 = Release|Any CPU
		{E96FC5F1-43FE-4A01-A4CE-B2AB2FD4CDB0}.Debug|Any CPU.ActiveCfg = Debug|Any CPU
		{E96FC5F1-43FE-4A01-A4CE-B2AB2FD4CDB0}.Debug|Any CPU.Build.0 = Debug|Any CPU
		{E96FC5F1-43FE-4A01-A4CE-B2AB2FD4CDB0}.Release|Any CPU.ActiveCfg = Release|Any CPU
		{E96FC5F1-43FE-4A01-A4CE-B2AB2FD4CDB0}.Release|Any CPU.Build.0 = Release|Any CPU
		{1CE8BD35-02FC-44C7-B3CF-E08A7E41FA6E}.Debug|Any CPU.ActiveCfg = Debug|Any CPU
		{1CE8BD35-02FC-44C7-B3CF-E08A7E41FA6E}.Debug|Any CPU.Build.0 = Debug|Any CPU
		{1CE8BD35-02FC-44C7-B3CF-E08A7E41FA6E}.Release|Any CPU.ActiveCfg = Release|Any CPU
		{1CE8BD35-02FC-44C7-B3CF-E08A7E41FA6E}.Release|Any CPU.Build.0 = Release|Any CPU
		{5A6E99C3-98A3-4931-8C2F-CB0499DA180A}.Debug|Any CPU.ActiveCfg = Debug|Any CPU
		{5A6E99C3-98A3-4931-8C2F-CB0499DA180A}.Debug|Any CPU.Build.0 = Debug|Any CPU
		{5A6E99C3-98A3-4931-8C2F-CB0499DA180A}.Release|Any CPU.ActiveCfg = Release|Any CPU
		{5A6E99C3-98A3-4931-8C2F-CB0499DA180A}.Release|Any CPU.Build.0 = Release|Any CPU
	EndGlobalSection
	GlobalSection(SolutionProperties) = preSolution
		HideSolutionNode = FALSE
	EndGlobalSection
	GlobalSection(NestedProjects) = preSolution
		{739AA6D5-6063-4878-843D-6DF7BA15D10D} = {91731C79-1809-4642-9048-92E1C6CCF600}
		{21FCE948-931B-4648-8F0E-ECFA798D4342} = {91731C79-1809-4642-9048-92E1C6CCF600}
		{CF56133E-9BE1-49C9-9A63-4569188A153B} = {DBF70A4A-7F35-4636-8CB3-F7BBB2A1780C}
		{C0154230-818C-47AA-8AE6-5C058C5C55E8} = {6E49EC8E-31A3-44CD-9988-3E783D893F95}
		{E96FC5F1-43FE-4A01-A4CE-B2AB2FD4CDB0} = {6E49EC8E-31A3-44CD-9988-3E783D893F95}
		{1CE8BD35-02FC-44C7-B3CF-E08A7E41FA6E} = {6E49EC8E-31A3-44CD-9988-3E783D893F95}
		{5A6E99C3-98A3-4931-8C2F-CB0499DA180A} = {6E49EC8E-31A3-44CD-9988-3E783D893F95}
	EndGlobalSection
	GlobalSection(ExtensibilityGlobals) = postSolution
		SolutionGuid = {6DD68675-9316-423A-B012-6436918C0C67}
	EndGlobalSection
EndGlobal
